dependencies:
  espressif/led_strip:
    component_hash: fc66f8544851132555bc668475f7b68acd6a211c8075db5ce1951cbfa27dfb88
    source:
      service_url: https://api.components.espressif.com/
      type: service
    version: 2.5.4
  idf:
    component_hash: null
    source:
      type: idf
    version: 5.2.2
manifest_hash: c04f9662a20205eb54d855b456c89956ffed5321b73ebeef00894a83222cfdae
target: esp32s2
version: 1.0.0
